
Microsoft Visual Studio Solution File, Format Version 12.00
# Visual Studio Version 17
VisualStudioVersion = 17.5.33424.131
MinimumVisualStudioVersion = 10.0.40219.1
Project("{FAE04EC0-301F-11D3-BF4B-00C04F79EFBC}") = "Conexion(USB)", "Conexion(USB).csproj", "{15137C13-8092-418F-9129-1ADDE4662B76}"
EndProject
Global
	GlobalSection(SolutionConfigurationPlatforms) = preSolution
		Debug|Any CPU = Debug|Any CPU
		Release|Any CPU = Release|Any CPU
	EndGlobalSection
	GlobalSection(ProjectConfigurationPlatforms) = postSolution
		{15137C13-8092-418F-9129-1ADDE4662B76}.Debug|Any CPU.ActiveCfg = Debug|Any CPU
		{15137C13-8092-418F-9129-1ADDE4662B76}.Debug|Any CPU.Build.0 = Debug|Any CPU
		{15137C13-8092-418F-9129-1ADDE4662B76}.Release|Any CPU.ActiveCfg = Release|Any CPU
		{15137C13-8092-418F-9129-1ADDE4662B76}.Release|Any CPU.Build.0 = Release|Any CPU
	EndGlobalSection
	GlobalSection(SolutionProperties) = preSolution
		HideSolutionNode = FALSE
	EndGlobalSection
	GlobalSection(ExtensibilityGlobals) = postSolution
		SolutionGuid = {244B3860-3991-47D7-84F8-4CE8BA4B5B66}
	EndGlobalSection
EndGlobal
